// !$*UTF8*$!
{
	archiveVersion = 1;
	classes = {
	};
	objectVersion = 56;
	objects = {

/* Begin PBXBuildFile section */
		72A4A10129A0AC68008C7665 /* AppDelegate.swift in Sources */ = {isa = PBXBuildFile; fileRef = 72A4A10029A0AC68008C7665 /* AppDelegate.swift */; };
		72A4A10329A0AC68008C7665 /* SceneDelegate.swift in Sources */ = {isa = PBXBuildFile; fileRef = 72A4A10229A0AC68008C7665 /* SceneDelegate.swift */; };
		72A4A10529A0AC68008C7665 /* NewsViewController.swift in Sources */ = {isa = PBXBuildFile; fileRef = 72A4A10429A0AC68008C7665 /* NewsViewController.swift */; };
		72A4A10A29A0AC69008C7665 /* Assets.xcassets in Resources */ = {isa = PBXBuildFile; fileRef = 72A4A10929A0AC69008C7665 /* Assets.xcassets */; };
		72A4A10D29A0AC69008C7665 /* LaunchScreen.storyboard in Resources */ = {isa = PBXBuildFile; fileRef = 72A4A10B29A0AC69008C7665 /* LaunchScreen.storyboard */; };
		72A4A11F29A0CCC3008C7665 /* NewsTableViewCell.swift in Sources */ = {isa = PBXBuildFile; fileRef = 72A4A11E29A0CCC3008C7665 /* NewsTableViewCell.swift */; };
		72A4A12229A0CDE1008C7665 /* Extension.swift in Sources */ = {isa = PBXBuildFile; fileRef = 72A4A12129A0CDE1008C7665 /* Extension.swift */; };
		72A4A12529A0CEF8008C7665 /* Response.swift in Sources */ = {isa = PBXBuildFile; fileRef = 72A4A12429A0CEF8008C7665 /* Response.swift */; };
		72A4A12729A0D294008C7665 /* NetworkService.swift in Sources */ = {isa = PBXBuildFile; fileRef = 72A4A12629A0D294008C7665 /* NetworkService.swift */; };
		72A4A12929A0D2D2008C7665 /* DetailViewController.swift in Sources */ = {isa = PBXBuildFile; fileRef = 72A4A12829A0D2D2008C7665 /* DetailViewController.swift */; };
		72A4A12B29A0D2FF008C7665 /* WebViewController.swift in Sources */ = {isa = PBXBuildFile; fileRef = 72A4A12A29A0D2FF008C7665 /* WebViewController.swift */; };
/* End PBXBuildFile section */

/* Begin PBXFileReference section */
		72A4A0FD29A0AC68008C7665 /* WebKitAPI.app */ = {isa = PBXFileReference; explicitFileType = wrapper.application; includeInIndex = 0; path = WebKitAPI.app; sourceTree = BUILT_PRODUCTS_DIR; };
		72A4A10029A0AC68008C7665 /* AppDelegate.swift */ = {isa = PBXFileReference; lastKnownFileType = sourcecode.swift; path = AppDelegate.swift; sourceTree = "<group>"; };
		72A4A10229A0AC68008C7665 /* SceneDelegate.swift */ = {isa = PBXFileReference; lastKnownFileType = sourcecode.swift; path = SceneDelegate.swift; sourceTree = "<group>"; };
		72A4A10429A0AC68008C7665 /* NewsViewController.swift */ = {isa = PBXFileReference; lastKnownFileType = sourcecode.swift; path = NewsViewController.swift; sourceTree = "<group>"; };
		72A4A10929A0AC69008C7665 /* Assets.xcassets */ = {isa = PBXFileReference; lastKnownFileType = folder.assetcatalog; path = Assets.xcassets; sourceTree = "<group>"; };
		72A4A10C29A0AC69008C7665 /* Base */ = {isa = PBXFileReference; lastKnownFileType = file.storyboard; name = Base; path = Base.lproj/LaunchScreen.storyboard; sourceTree = "<group>"; };
		72A4A10E29A0AC69008C7665 /* Info.plist */ = {isa = PBXFileReference; lastKnownFileType = text.plist.xml; path = Info.plist; sourceTree = "<group>"; };
		72A4A11E29A0CCC3008C7665 /* NewsTableViewCell.swift */ = {isa = PBXFileReference; lastKnownFileType = sourcecode.swift; path = NewsTableViewCell.swift; sourceTree = "<group>"; };
		72A4A12129A0CDE1008C7665 /* Extension.swift */ = {isa = PBXFileReference; lastKnownFileType = sourcecode.swift; path = Extension.swift; sourceTree = "<group>"; };
		72A4A12429A0CEF8008C7665 /* Response.swift */ = {isa = PBXFileReference; lastKnownFileType = sourcecode.swift; path = Response.swift; sourceTree = "<group>"; };
		72A4A12629A0D294008C7665 /* NetworkService.swift */ = {isa = PBXFileReference; lastKnownFileType = sourcecode.swift; path = NetworkService.swift; sourceTree = "<group>"; };
		72A4A12829A0D2D2008C7665 /* DetailViewController.swift */ = {isa = PBXFileReference; lastKnownFileType = sourcecode.swift; path = DetailViewController.swift; sourceTree = "<group>"; };
		72A4A12A29A0D2FF008C7665 /* WebViewController.swift */ = {isa = PBXFileReference; lastKnownFileType = sourcecode.swift; path = WebViewController.swift; sourceTree = "<group>"; };
/* End PBXFileReference section */

/* Begin PBXFrameworksBuildPhase section */
		72A4A0FA29A0AC68008C7665 /* Frameworks */ = {
			isa = PBXFrameworksBuildPhase;
			buildActionMask = 2147483647;
			files = (
			);
			runOnlyForDeploymentPostprocessing = 0;
		};
/* End PBXFrameworksBuildPhase section */

/* Begin PBXGroup section */
		72A4A0F429A0AC68008C7665 = {
			isa = PBXGroup;
			children = (
				72A4A0FF29A0AC68008C7665 /* WebKitAPI */,
				72A4A0FE29A0AC68008C7665 /* Products */,
			);
			sourceTree = "<group>";
		};
		72A4A0FE29A0AC68008C7665 /* Products */ = {
			isa = PBXGroup;
			children = (
				72A4A0FD29A0AC68008C7665 /* WebKitAPI.app */,
			);
			name = Products;
			sourceTree = "<group>";
		};
		72A4A0FF29A0AC68008C7665 /* WebKitAPI */ = {
			isa = PBXGroup;
			children = (
				72A4A12329A0CEC9008C7665 /* Models */,
				72A4A12029A0CDB6008C7665 /* Extension */,
				72A4A11829A0C557008C7665 /* API */,
				72A4A11629A0C53C008C7665 /* Controller */,
				72A4A11B29A0C610008C7665 /* View */,
				72A4A11429A0B04A008C7665 /* Application */,
				72A4A11529A0B067008C7665 /* SupportingFiles */,
			);
			path = WebKitAPI;
			sourceTree = "<group>";
		};
		72A4A11429A0B04A008C7665 /* Application */ = {
			isa = PBXGroup;
			children = (
				72A4A10029A0AC68008C7665 /* AppDelegate.swift */,
				72A4A10229A0AC68008C7665 /* SceneDelegate.swift */,
			);
			path = Application;
			sourceTree = "<group>";
		};
		72A4A11529A0B067008C7665 /* SupportingFiles */ = {
			isa = PBXGroup;
			children = (
				72A4A10E29A0AC69008C7665 /* Info.plist */,
				72A4A10B29A0AC69008C7665 /* LaunchScreen.storyboard */,
				72A4A10929A0AC69008C7665 /* Assets.xcassets */,
			);
			path = SupportingFiles;
			sourceTree = "<group>";
		};
		72A4A11629A0C53C008C7665 /* Controller */ = {
			isa = PBXGroup;
			children = (
				72A4A10429A0AC68008C7665 /* NewsViewController.swift */,
				72A4A12829A0D2D2008C7665 /* DetailViewController.swift */,
				72A4A12A29A0D2FF008C7665 /* WebViewController.swift */,
			);
			path = Controller;
			sourceTree = "<group>";
		};
		72A4A11829A0C557008C7665 /* API */ = {
			isa = PBXGroup;
			children = (
				72A4A11A29A0C597008C7665 /* Services */,
				72A4A11929A0C594008C7665 /* Models */,
			);
			path = API;
			sourceTree = "<group>";
		};
		72A4A11929A0C594008C7665 /* Models */ = {
			isa = PBXGroup;
			children = (
			);
			path = Models;
			sourceTree = "<group>";
		};
		72A4A11A29A0C597008C7665 /* Services */ = {
			isa = PBXGroup;
			children = (
				72A4A12629A0D294008C7665 /* NetworkService.swift */,
			);
			path = Services;
			sourceTree = "<group>";
		};
		72A4A11B29A0C610008C7665 /* View */ = {
			isa = PBXGroup;
			children = (
				72A4A11D29A0CC82008C7665 /* TableViewCell */,
			);
			path = View;
			sourceTree = "<group>";
		};
		72A4A11D29A0CC82008C7665 /* TableViewCell */ = {
			isa = PBXGroup;
			children = (
				72A4A11E29A0CCC3008C7665 /* NewsTableViewCell.swift */,
			);
			path = TableViewCell;
			sourceTree = "<group>";
		};
		72A4A12029A0CDB6008C7665 /* Extension */ = {
			isa = PBXGroup;
			children = (
				72A4A12129A0CDE1008C7665 /* Extension.swift */,
			);
			path = Extension;
			sourceTree = "<group>";
		};
		72A4A12329A0CEC9008C7665 /* Models */ = {
			isa = PBXGroup;
			children = (
				72A4A12429A0CEF8008C7665 /* Response.swift */,
			);
			path = Models;
			sourceTree = "<group>";
		};
/* End PBXGroup section */

/* Begin PBXNativeTarget section */
		72A4A0FC29A0AC68008C7665 /* WebKitAPI */ = {
			isa = PBXNativeTarget;
			buildConfigurationList = 72A4A11129A0AC69008C7665 /* Build configuration list for PBXNativeTarget "WebKitAPI" */;
			buildPhases = (
				72A4A0F929A0AC68008C7665 /* Sources */,
				72A4A0FA29A0AC68008C7665 /* Frameworks */,
				72A4A0FB29A0AC68008C7665 /* Resources */,
			);
			buildRules = (
			);
			dependencies = (
			);
			name = WebKitAPI;
			productName = WebKitAPI;
			productReference = 72A4A0FD29A0AC68008C7665 /* WebKitAPI.app */;
			productType = "com.apple.product-type.application";
		};
/* End PBXNativeTarget section */

/* Begin PBXProject section */
		72A4A0F529A0AC68008C7665 /* Project object */ = {
			isa = PBXProject;
			attributes = {
				BuildIndependentTargetsInParallel = 1;
				LastSwiftUpdateCheck = 1420;
				LastUpgradeCheck = 1420;
				TargetAttributes = {
					72A4A0FC29A0AC68008C7665 = {
						CreatedOnToolsVersion = 14.2;
					};
				};
			};
			buildConfigurationList = 72A4A0F829A0AC68008C7665 /* Build configuration list for PBXProject "WebKitAPI" */;
			compatibilityVersion = "Xcode 14.0";
			developmentRegion = en;
			hasScannedForEncodings = 0;
			knownRegions = (
				en,
				Base,
			);
			mainGroup = 72A4A0F429A0AC68008C7665;
			productRefGroup = 72A4A0FE29A0AC68008C7665 /* Products */;
			projectDirPath = "";
			projectRoot = "";
			targets = (
				72A4A0FC29A0AC68008C7665 /* WebKitAPI */,
			);
		};
/* End PBXProject section */

/* Begin PBXResourcesBuildPhase section */
		72A4A0FB29A0AC68008C7665 /* Resources */ = {
			isa = PBXResourcesBuildPhase;
			buildActionMask = 2147483647;
			files = (
				72A4A10D29A0AC69008C7665 /* LaunchScreen.storyboard in Resources */,
				72A4A10A29A0AC69008C7665 /* Assets.xcassets in Resources */,
			);
			runOnlyForDeploymentPostprocessing = 0;
		};
/* End PBXResourcesBuildPhase section */

/* Begin PBXSourcesBuildPhase section */
		72A4A0F929A0AC68008C7665 /* Sources */ = {
			isa = PBXSourcesBuildPhase;
			buildActionMask = 2147483647;
			files = (
				72A4A12229A0CDE1008C7665 /* Extension.swift in Sources */,
				72A4A12B29A0D2FF008C7665 /* WebViewController.swift in Sources */,
				72A4A10529A0AC68008C7665 /* NewsViewController.swift in Sources */,
				72A4A10129A0AC68008C7665 /* AppDelegate.swift in Sources */,
				72A4A11F29A0CCC3008C7665 /* NewsTableViewCell.swift in Sources */,
				72A4A12529A0CEF8008C7665 /* Response.swift in Sources */,
				72A4A10329A0AC68008C7665 /* SceneDelegate.swift in Sources */,
				72A4A12729A0D294008C7665 /* NetworkService.swift in Sources */,
				72A4A12929A0D2D2008C7665 /* DetailViewController.swift in Sources */,
			);
			runOnlyForDeploymentPostprocessing = 0;
		};
/* End PBXSourcesBuildPhase section */

/* Begin PBXVariantGroup section */
		72A4A10B29A0AC69008C7665 /* LaunchScreen.storyboard */ = {
			isa = PBXVariantGroup;
			children = (
				72A4A10C29A0AC69008C7665 /* Base */,
			);
			name = LaunchScreen.storyboard;
			sourceTree = "<group>";
		};
/* End PBXVariantGroup section */

/* Begin XCBuildConfiguration section */
		72A4A10F29A0AC69008C7665 /* Debug */ = {
			isa = XCBuildConfiguration;
			buildSettings = {
				ALWAYS_SEARCH_USER_PATHS = NO;
				CLANG_ANALYZER_NONNULL = YES;
				CLANG_ANALYZER_NUMBER_OBJECT_CONVERSION = YES_AGGRESSIVE;
				CLANG_CXX_LANGUAGE_STANDARD = "gnu++20";
				CLANG_ENABLE_MODULES = YES;
				CLANG_ENABLE_OBJC_ARC = YES;
				CLANG_ENABLE_OBJC_WEAK = YES;
				CLANG_WARN_BLOCK_CAPTURE_AUTORELEASING = YES;
				CLANG_WARN_BOOL_CONVERSION = YES;
				CLANG_WARN_COMMA = YES;
				CLANG_WARN_CONSTANT_CONVERSION = YES;
				CLANG_WARN_DEPRECATED_OBJC_IMPLEMENTATIONS = YES;
				CLANG_WARN_DIRECT_OBJC_ISA_USAGE = YES_ERROR;
				CLANG_WARN_DOCUMENTATION_COMMENTS = YES;
				CLANG_WARN_EMPTY_BODY = YES;
				CLANG_WARN_ENUM_CONVERSION = YES;
				CLANG_WARN_INFINITE_RECURSION = YES;
				CLANG_WARN_INT_CONVERSION = YES;
				CLANG_WARN_NON_LITERAL_NULL_CONVERSION = YES;
				CLANG_WARN_OBJC_IMPLICIT_RETAIN_SELF = YES;
				CLANG_WARN_OBJC_LITERAL_CONVERSION = YES;
				CLANG_WARN_OBJC_ROOT_CLASS = YES_ERROR;
				CLANG_WARN_QUOTED_INCLUDE_IN_FRAMEWORK_HEADER = YES;
				CLANG_WARN_RANGE_LOOP_ANALYSIS = YES;
				CLANG_WARN_STRICT_PROTOTYPES = YES;
				CLANG_WARN_SUSPICIOUS_MOVE = YES;
				CLANG_WARN_UNGUARDED_AVAILABILITY = YES_AGGRESSIVE;
				CLANG_WARN_UNREACHABLE_CODE = YES;
				CLANG_WARN__DUPLICATE_METHOD_MATCH = YES;
				COPY_PHASE_STRIP = NO;
				DEBUG_INFORMATION_FORMAT = dwarf;
				ENABLE_STRICT_OBJC_MSGSEND = YES;
				ENABLE_TESTABILITY = YES;
				GCC_C_LANGUAGE_STANDARD = gnu11;
				GCC_DYNAMIC_NO_PIC = NO;
				GCC_NO_COMMON_BLOCKS = YES;
				GCC_OPTIMIZATION_LEVEL = 0;
				GCC_PREPROCESSOR_DEFINITIONS = (
					"DEBUG=1",
					"$(inherited)",
				);
				GCC_WARN_64_TO_32_BIT_CONVERSION = YES;
				GCC_WARN_ABOUT_RETURN_TYPE = YES_ERROR;
				GCC_WARN_UNDECLARED_SELECTOR = YES;
				GCC_WARN_UNINITIALIZED_AUTOS = YES_AGGRESSIVE;
				GCC_WARN_UNUSED_FUNCTION = YES;
				GCC_WARN_UNUSED_VARIABLE = YES;
				IPHONEOS_DEPLOYMENT_TARGET = 16.2;
				MTL_ENABLE_DEBUG_INFO = INCLUDE_SOURCE;
				MTL_FAST_MATH = YES;
				ONLY_ACTIVE_ARCH = YES;
				SDKROOT = iphoneos;
				SWIFT_ACTIVE_COMPILATION_CONDITIONS = DEBUG;
				SWIFT_OPTIMIZATION_LEVEL = "-Onone";
			};
			name = Debug;
		};
		72A4A11029A0AC69008C7665 /* Release */ = {
			isa = XCBuildConfiguration;
			buildSettings = {
				ALWAYS_SEARCH_USER_PATHS = NO;
				CLANG_ANALYZER_NONNULL = YES;
				CLANG_ANALYZER_NUMBER_OBJECT_CONVERSION = YES_AGGRESSIVE;
				CLANG_CXX_LANGUAGE_STANDARD = "gnu++20";
				CLANG_ENABLE_MODULES = YES;
				CLANG_ENABLE_OBJC_ARC = YES;
				CLANG_ENABLE_OBJC_WEAK = YES;
				CLANG_WARN_BLOCK_CAPTURE_AUTORELEASING = YES;
				CLANG_WARN_BOOL_CONVERSION = YES;
				CLANG_WARN_COMMA = YES;
				CLANG_WARN_CONSTANT_CONVERSION = YES;
				CLANG_WARN_DEPRECATED_OBJC_IMPLEMENTATIONS = YES;
				CLANG_WARN_DIRECT_OBJC_ISA_USAGE = YES_ERROR;
				CLANG_WARN_DOCUMENTATION_COMMENTS = YES;
				CLANG_WARN_EMPTY_BODY = YES;
				CLANG_WARN_ENUM_CONVERSION = YES;
				CLANG_WARN_INFINITE_RECURSION = YES;
				CLANG_WARN_INT_CONVERSION = YES;
				CLANG_WARN_NON_LITERAL_NULL_CONVERSION = YES;
				CLANG_WARN_OBJC_IMPLICIT_RETAIN_SELF = YES;
				CLANG_WARN_OBJC_LITERAL_CONVERSION = YES;
				CLANG_WARN_OBJC_ROOT_CLASS = YES_ERROR;
				CLANG_WARN_QUOTED_INCLUDE_IN_FRAMEWORK_HEADER = YES;
				CLANG_WARN_RANGE_LOOP_ANALYSIS = YES;
				CLANG_WARN_STRICT_PROTOTYPES = YES;
				CLANG_WARN_SUSPICIOUS_MOVE = YES;
				CLANG_WARN_UNGUARDED_AVAILABILITY = YES_AGGRESSIVE;
				CLANG_WARN_UNREACHABLE_CODE = YES;
				CLANG_WARN__DUPLICATE_METHOD_MATCH = YES;
				COPY_PHASE_STRIP = NO;
				DEBUG_INFORMATION_FORMAT = "dwarf-with-dsym";
				ENABLE_NS_ASSERTIONS = NO;
				ENABLE_STRICT_OBJC_MSGSEND = YES;
				GCC_C_LANGUAGE_STANDARD = gnu11;
				GCC_NO_COMMON_BLOCKS = YES;
				GCC_WARN_64_TO_32_BIT_CONVERSION = YES;
				GCC_WARN_ABOUT_RETURN_TYPE = YES_ERROR;
				GCC_WARN_UNDECLARED_SELECTOR = YES;
				GCC_WARN_UNINITIALIZED_AUTOS = YES_AGGRESSIVE;
				GCC_WARN_UNUSED_FUNCTION = YES;
				GCC_WARN_UNUSED_VARIABLE = YES;
				IPHONEOS_DEPLOYMENT_TARGET = 16.2;
				MTL_ENABLE_DEBUG_INFO = NO;
				MTL_FAST_MATH = YES;
				SDKROOT = iphoneos;
				SWIFT_COMPILATION_MODE = wholemodule;
				SWIFT_OPTIMIZATION_LEVEL = "-O";
				VALIDATE_PRODUCT = YES;
			};
			name = Release;
		};
		72A4A11229A0AC69008C7665 /* Debug */ = {
			isa = XCBuildConfiguration;
			buildSettings = {
				ASSETCATALOG_COMPILER_APPICON_NAME = AppIcon;
				ASSETCATALOG_COMPILER_GLOBAL_ACCENT_COLOR_NAME = AccentColor;
				CODE_SIGN_STYLE = Automatic;
				CURRENT_PROJECT_VERSION = 1;
				GENERATE_INFOPLIST_FILE = YES;
				INFOPLIST_FILE = WebKitAPI/SupportingFiles/Info.plist;
				INFOPLIST_KEY_UIApplicationSupportsIndirectInputEvents = YES;
				INFOPLIST_KEY_UILaunchStoryboardName = LaunchScreen;
				INFOPLIST_KEY_UISupportedInterfaceOrientations = UIInterfaceOrientationPortrait;
				IPHONEOS_DEPLOYMENT_TARGET = 14.0;
				LD_RUNPATH_SEARCH_PATHS = (
					"$(inherited)",
					"@executable_path/Frameworks",
				);
				MARKETING_VERSION = 1.0;
				PRODUCT_BUNDLE_IDENTIFIER = KanDev.WebKitAPI;
				PRODUCT_NAME = "$(TARGET_NAME)";
				SWIFT_EMIT_LOC_STRINGS = YES;
				SWIFT_VERSION = 5.0;
				TARGETED_DEVICE_FAMILY = "1,2";
			};
			name = Debug;
		};
		72A4A11329A0AC69008C7665 /* Release */ = {
			isa = XCBuildConfiguration;
			buildSettings = {
				ASSETCATALOG_COMPILER_APPICON_NAME = AppIcon;
				ASSETCATALOG_COMPILER_GLOBAL_ACCENT_COLOR_NAME = AccentColor;
				CODE_SIGN_STYLE = Automatic;
				CURRENT_PROJECT_VERSION = 1;
				GENERATE_INFOPLIST_FILE = YES;
				INFOPLIST_FILE = WebKitAPI/SupportingFiles/Info.plist;
				INFOPLIST_KEY_UIApplicationSupportsIndirectInputEvents = YES;
				INFOPLIST_KEY_UILaunchStoryboardName = LaunchScreen;
				INFOPLIST_KEY_UISupportedInterfaceOrientations = UIInterfaceOrientationPortrait;
				IPHONEOS_DEPLOYMENT_TARGET = 14.0;
				LD_RUNPATH_SEARCH_PATHS = (
					"$(inherited)",
					"@executable_path/Frameworks",
				);
				MARKETING_VERSION = 1.0;
				PRODUCT_BUNDLE_IDENTIFIER = KanDev.WebKitAPI;
				PRODUCT_NAME = "$(TARGET_NAME)";
				SWIFT_EMIT_LOC_STRINGS = YES;
				SWIFT_VERSION = 5.0;
				TARGETED_DEVICE_FAMILY = "1,2";
			};
			name = Release;
		};
/* End XCBuildConfiguration section */

/* Begin XCConfigurationList section */
		72A4A0F829A0AC68008C7665 /* Build configuration list for PBXProject "WebKitAPI" */ = {
			isa = XCConfigurationList;
			buildConfigurations = (
				72A4A10F29A0AC69008C7665 /* Debug */,
				72A4A11029A0AC69008C7665 /* Release */,
			);
			defaultConfigurationIsVisible = 0;
			defaultConfigurationName = Release;
		};
		72A4A11129A0AC69008C7665 /* Build configuration list for PBXNativeTarget "WebKitAPI" */ = {
			isa = XCConfigurationList;
			buildConfigurations = (
				72A4A11229A0AC69008C7665 /* Debug */,
				72A4A11329A0AC69008C7665 /* Release */,
			);
			defaultConfigurationIsVisible = 0;
			defaultConfigurationName = Release;
		};
/* End XCConfigurationList section */
	};
	rootObject = 72A4A0F529A0AC68008C7665 /* Project object */;
}
